github.com/EngoEngine/ecs v1.0.5 h1:S21KTClrAqC862BFR5wTkd6uEYQ0Aw/ob9RjKPt0e30=
github.com/EngoEngine/ecs v1.0.5/go.mod h1:A8AYbzKIsl+t4qafmLL3t4H6cXdfGo4CIHl7EN100iM=
github.com/davecgh/go-spew v1.1.0/go.mod h1:J7Y8YcW2NihsgmVo/mv3lAwl/skON4iLHjSsI+c5H38=
github.com/davecgh/go-spew v1.1.1 h1:vj9j/u1bqnvCEfJOwUhtlOARqs3+rkHYY13jYWTU97c=
github.com/davecgh/go-spew v1.1.1/go.mod h1:J7Y8YcW2NihsgmVo/mv3lAwl/skON4iLHjSsI+c5H38=
github.com/go-playground/assert/v2 v2.0.1/go.mod h1:VDjEfimB/XKnb+ZQfWdccd7VUvScMdVu0Titje2rxJ4=
github.com/leopotam/go-ecs v0.0.0-20210307213804-a3ab96b9d289 h1:UX7+jESfRXzvM/zchrkwPPEFdBCQjljQYXJg13e4cUE=
github.com/leopotam/go-ecs v0.0.0-20210307213804-a3ab96b9d289/go.mod h1:NHVW8ZI99vazv2fs0lXpa78iXZyN5QM/fbHGgcqHYe4=
github.com/mlange-42/arche v0.3.1 h1:A104aleZiu9O4O0baK7EDh8/YWt1wYeByXEsEVIXExE=
github.com/mlange-42/arche v0.3.1/go.mod h1:cgOiMHWCbNAb5L5mCihS2yzdk1Zll1IoBJL+3wVm0AM=
github.com/mlange-42/arche v0.4.0 h1:/SAfRRV5N2xHMrUvBgFwIsGuO3sM+sqZ/QUxj3rr14Y=
github.com/mlange-42/arche v0.4.0/go.mod h1:cgOiMHWCbNAb5L5mCihS2yzdk1Zll1IoBJL+3wVm0AM=
github.com/pmezard/go-difflib v1.0.0 h1:4DBwDE0NGyQoBHbLQYPwSUPoCMWR5BEzIk/f1lZbAQM=
github.com/pmezard/go-difflib v1.0.0/go.mod h1:iKH77koFhYxTK1pcRnkKkqfTogsbg7gZNVY4sRDYZ/4=
github.com/stretchr/objx v0.1.0/go.mod h1:HFkY916IF+rwdDfMAkV7OtwuqBVzrE8GR6GFx+wExME=
github.com/stretchr/objx v0.4.0/go.mod h1:YvHI0jy2hoMjB+UWwv71VJQ9isScKT/TqJzVSSt89Yw=
github.com/stretchr/objx v0.5.0/go.mod h1:Yh+to48EsGEfYuaHDzXPcE3xhTkx73EhmCGUpEOglKo=
github.com/stretchr/testify v1.6.1/go.mod h1:6Fq8oRcR53rry900zMqJjRRixrwX3KX962/h/Wwjteg=
github.com/stretchr/testify v1.7.0/go.mod h1:6Fq8oRcR53rry900zMqJjRRixrwX3KX962/h/Wwjteg=
github.com/stretchr/testify v1.7.1/go.mod h1:6Fq8oRcR53rry900zMqJjRRixrwX3KX962/h/Wwjteg=
github.com/stretchr/testify v1.8.0/go.mod h1:yNjHg4UonilssWZ8iaSj1OCr/vHnekPRkoO+kdMU+MU=
github.com/stretchr/testify v1.8.1 h1:w7B6lhMri9wdJUVmEZPGGhZzrYTPvgJArz7wNPgYKsk=
github.com/stretchr/testify v1.8.1/go.mod h1:w2LPCIKwWwSfY2zedu0+kehJoqGctiVI29o6fzry7u4=
github.com/tutumagi/gecs v0.1.0 h1:/Oe0D2wZ6dZYdDqvDzBpWrZgDYEbNoAGb98DV2M5FXA=
github.com/tutumagi/gecs v0.1.0/go.mod h1:6FAWO8Bv48K7N2nLHzgsGgg9yvJdkyGa9yM1P5ZEAKQ=
github.com/wfranczyk/ento v0.1.0 h1:BMuty7VOn8qNp7EbUhlimQXnckuwrjuJSgJ46NFdk2E=
github.com/wfranczyk/ento v0.1.0/go.mod h1:oiJdFEvu66RU8kZwEySB/xfizPLQ/maChXwYPxY3l9o=
gopkg.in/check.v1 v0.0.0-20161208181325-20d25e280405/go.mod h1:Co6ibVJAznAaIkqp8huTwlJQCZ016jof/cbN4VW5Yz0=
gopkg.in/yaml.v3 v3.0.0-20200313102051-9f266ea9e77c/go.mod h1:K4uyk7z7BCEPqu6E+C64Yfv1cQ7kz7rIZviUmN+EgEM=
gopkg.in/yaml.v3 v3.0.1 h1:fxVm/GzAzEWqLHuvctI91KS9hhNmmWOoWu0XTYJS7CA=
gopkg.in/yaml.v3 v3.0.1/go.mod h1:K4uyk7z7BCEPqu6E+C64Yfv1cQ7kz7rIZviUmN+EgEM=
